// !$*UTF8*$!
{
	archiveVersion = 1;
	classes = {
	};
	objectVersion = 56;
	objects = {

/* Begin PBXBuildFile section */
		17DA2E0F29BC579D009173B6 /* ReflectiveUIApp.swift in Sources */ = {isa = PBXBuildFile; fileRef = 17DA2E0E29BC579D009173B6 /* ReflectiveUIApp.swift */; };
		17DA2E1129BC579D009173B6 /* ContentView.swift in Sources */ = {isa = PBXBuildFile; fileRef = 17DA2E1029BC579D009173B6 /* ContentView.swift */; };
		17DA2E1329BC579E009173B6 /* Assets.xcassets in Resources */ = {isa = PBXBuildFile; fileRef = 17DA2E1229BC579E009173B6 /* Assets.xcassets */; };
		17DA2E1629BC579E009173B6 /* Preview Assets.xcassets in Resources */ = {isa = PBXBuildFile; fileRef = 17DA2E1529BC579E009173B6 /* Preview Assets.xcassets */; };
		17DA2E2129BC5F5A009173B6 /* SwiftUICam in Frameworks */ = {isa = PBXBuildFile; productRef = 17DA2E2029BC5F5A009173B6 /* SwiftUICam */; };
		17DA2E2829BC6BCC009173B6 /* NewsView.swift in Sources */ = {isa = PBXBuildFile; fileRef = 17DA2E2729BC6BCC009173B6 /* NewsView.swift */; };
		17DA2E2A29BC6BDF009173B6 /* NewsRowView.swift in Sources */ = {isa = PBXBuildFile; fileRef = 17DA2E2929BC6BDF009173B6 /* NewsRowView.swift */; };
/* End PBXBuildFile section */

/* Begin PBXFileReference section */
		17DA2E0B29BC579D009173B6 /* ReflectiveUI.app */ = {isa = PBXFileReference; explicitFileType = wrapper.application; includeInIndex = 0; path = ReflectiveUI.app; sourceTree = BUILT_PRODUCTS_DIR; };
		17DA2E0E29BC579D009173B6 /* ReflectiveUIApp.swift */ = {isa = PBXFileReference; lastKnownFileType = sourcecode.swift; path = ReflectiveUIApp.swift; sourceTree = "<group>"; };
		17DA2E1029BC579D009173B6 /* ContentView.swift */ = {isa = PBXFileReference; lastKnownFileType = sourcecode.swift; path = ContentView.swift; sourceTree = "<group>"; };
		17DA2E1229BC579E009173B6 /* Assets.xcassets */ = {isa = PBXFileReference; lastKnownFileType = folder.assetcatalog; path = Assets.xcassets; sourceTree = "<group>"; };
		17DA2E1529BC579E009173B6 /* Preview Assets.xcassets */ = {isa = PBXFileReference; lastKnownFileType = folder.assetcatalog; path = "Preview Assets.xcassets"; sourceTree = "<group>"; };
		17DA2E2229BC608E009173B6 /* Info.plist */ = {isa = PBXFileReference; lastKnownFileType = text.plist; path = Info.plist; sourceTree = "<group>"; };
		17DA2E2729BC6BCC009173B6 /* NewsView.swift */ = {isa = PBXFileReference; lastKnownFileType = sourcecode.swift; path = NewsView.swift; sourceTree = "<group>"; };
		17DA2E2929BC6BDF009173B6 /* NewsRowView.swift */ = {isa = PBXFileReference; lastKnownFileType = sourcecode.swift; path = NewsRowView.swift; sourceTree = "<group>"; };
/* End PBXFileReference section */

/* Begin PBXFrameworksBuildPhase section */
		17DA2E0829BC579D009173B6 /* Frameworks */ = {
			isa = PBXFrameworksBuildPhase;
			buildActionMask = 2147483647;
			files = (
				17DA2E2129BC5F5A009173B6 /* SwiftUICam in Frameworks */,
			);
			runOnlyForDeploymentPostprocessing = 0;
		};
/* End PBXFrameworksBuildPhase section */

/* Begin PBXGroup section */
		17DA2E0229BC579D009173B6 = {
			isa = PBXGroup;
			children = (
				17DA2E0D29BC579D009173B6 /* ReflectiveUI */,
				17DA2E0C29BC579D009173B6 /* Products */,
			);
			sourceTree = "<group>";
		};
		17DA2E0C29BC579D009173B6 /* Products */ = {
			isa = PBXGroup;
			children = (
				17DA2E0B29BC579D009173B6 /* ReflectiveUI.app */,
			);
			name = Products;
			sourceTree = "<group>";
		};
		17DA2E0D29BC579D009173B6 /* ReflectiveUI */ = {
			isa = PBXGroup;
			children = (
				17DA2E2229BC608E009173B6 /* Info.plist */,
				17DA2E0E29BC579D009173B6 /* ReflectiveUIApp.swift */,
				17DA2E2C29BC6BFB009173B6 /* Screen */,
				17DA2E2B29BC6BF4009173B6 /* Views */,
				17DA2E2D29BC6C0A009173B6 /* Assets */,
			);
			path = ReflectiveUI;
			sourceTree = "<group>";
		};
		17DA2E1429BC579E009173B6 /* Preview Content */ = {
			isa = PBXGroup;
			children = (
				17DA2E1529BC579E009173B6 /* Preview Assets.xcassets */,
			);
			path = "Preview Content";
			sourceTree = "<group>";
		};
		17DA2E2B29BC6BF4009173B6 /* Views */ = {
			isa = PBXGroup;
			children = (
				17DA2E2729BC6BCC009173B6 /* NewsView.swift */,
				17DA2E2929BC6BDF009173B6 /* NewsRowView.swift */,
			);
			path = Views;
			sourceTree = "<group>";
		};
		17DA2E2C29BC6BFB009173B6 /* Screen */ = {
			isa = PBXGroup;
			children = (
				17DA2E1029BC579D009173B6 /* ContentView.swift */,
			);
			path = Screen;
			sourceTree = "<group>";
		};
		17DA2E2D29BC6C0A009173B6 /* Assets */ = {
			isa = PBXGroup;
			children = (
				17DA2E1229BC579E009173B6 /* Assets.xcassets */,
				17DA2E1429BC579E009173B6 /* Preview Content */,
			);
			path = Assets;
			sourceTree = "<group>";
		};
/* End PBXGroup section */

/* Begin PBXNativeTarget section */
		17DA2E0A29BC579D009173B6 /* ReflectiveUI */ = {
			isa = PBXNativeTarget;
			buildConfigurationList = 17DA2E1929BC579E009173B6 /* Build configuration list for PBXNativeTarget "ReflectiveUI" */;
			buildPhases = (
				17DA2E0729BC579D009173B6 /* Sources */,
				17DA2E0829BC579D009173B6 /* Frameworks */,
				17DA2E0929BC579D009173B6 /* Resources */,
			);
			buildRules = (
			);
			dependencies = (
			);
			name = ReflectiveUI;
			packageProductDependencies = (
				17DA2E2029BC5F5A009173B6 /* SwiftUICam */,
			);
			productName = ReflectiveUI6;
			productReference = 17DA2E0B29BC579D009173B6 /* ReflectiveUI.app */;
			productType = "com.apple.product-type.application";
		};
/* End PBXNativeTarget section */

/* Begin PBXProject section */
		17DA2E0329BC579D009173B6 /* Project object */ = {
			isa = PBXProject;
			attributes = {
				BuildIndependentTargetsInParallel = 1;
				LastSwiftUpdateCheck = 1420;
				LastUpgradeCheck = 1420;
				TargetAttributes = {
					17DA2E0A29BC579D009173B6 = {
						CreatedOnToolsVersion = 14.2;
					};
				};
			};
			buildConfigurationList = 17DA2E0629BC579D009173B6 /* Build configuration list for PBXProject "ReflectiveUI" */;
			compatibilityVersion = "Xcode 14.0";
			developmentRegion = en;
			hasScannedForEncodings = 0;
			knownRegions = (
				en,
				Base,
			);
			mainGroup = 17DA2E0229BC579D009173B6;
			packageReferences = (
				17DA2E1F29BC5F5A009173B6 /* XCRemoteSwiftPackageReference "SwiftUICam" */,
			);
			productRefGroup = 17DA2E0C29BC579D009173B6 /* Products */;
			projectDirPath = "";
			projectRoot = "";
			targets = (
				17DA2E0A29BC579D009173B6 /* ReflectiveUI */,
			);
		};
/* End PBXProject section */

/* Begin PBXResourcesBuildPhase section */
		17DA2E0929BC579D009173B6 /* Resources */ = {
			isa = PBXResourcesBuildPhase;
			buildActionMask = 2147483647;
			files = (
				17DA2E1629BC579E009173B6 /* Preview Assets.xcassets in Resources */,
				17DA2E1329BC579E009173B6 /* Assets.xcassets in Resources */,
			);
			runOnlyForDeploymentPostprocessing = 0;
		};
/* End PBXResourcesBuildPhase section */

/* Begin PBXSourcesBuildPhase section */
		17DA2E0729BC579D009173B6 /* Sources */ = {
			isa = PBXSourcesBuildPhase;
			buildActionMask = 2147483647;
			files = (
				17DA2E2A29BC6BDF009173B6 /* NewsRowView.swift in Sources */,
				17DA2E2829BC6BCC009173B6 /* NewsView.swift in Sources */,
				17DA2E1129BC579D009173B6 /* ContentView.swift in Sources */,
				17DA2E0F29BC579D009173B6 /* ReflectiveUIApp.swift in Sources */,
			);
			runOnlyForDeploymentPostprocessing = 0;
		};
/* End PBXSourcesBuildPhase section */

/* Begin XCBuildConfiguration section */
		17DA2E1729BC579E009173B6 /* Debug */ = {
			isa = XCBuildConfiguration;
			buildSettings = {
				ALWAYS_SEARCH_USER_PATHS = NO;
				CLANG_ANALYZER_NONNULL = YES;
				CLANG_ANALYZER_NUMBER_OBJECT_CONVERSION = YES_AGGRESSIVE;
				CLANG_CXX_LANGUAGE_STANDARD = "gnu++20";
				CLANG_ENABLE_MODULES = YES;
				CLANG_ENABLE_OBJC_ARC = YES;
				CLANG_ENABLE_OBJC_WEAK = YES;
				CLANG_WARN_BLOCK_CAPTURE_AUTORELEASING = YES;
				CLANG_WARN_BOOL_CONVERSION = YES;
				CLANG_WARN_COMMA = YES;
				CLANG_WARN_CONSTANT_CONVERSION = YES;
				CLANG_WARN_DEPRECATED_OBJC_IMPLEMENTATIONS = YES;
				CLANG_WARN_DIRECT_OBJC_ISA_USAGE = YES_ERROR;
				CLANG_WARN_DOCUMENTATION_COMMENTS = YES;
				CLANG_WARN_EMPTY_BODY = YES;
				CLANG_WARN_ENUM_CONVERSION = YES;
				CLANG_WARN_INFINITE_RECURSION = YES;
				CLANG_WARN_INT_CONVERSION = YES;
				CLANG_WARN_NON_LITERAL_NULL_CONVERSION = YES;
				CLANG_WARN_OBJC_IMPLICIT_RETAIN_SELF = YES;
				CLANG_WARN_OBJC_LITERAL_CONVERSION = YES;
				CLANG_WARN_OBJC_ROOT_CLASS = YES_ERROR;
				CLANG_WARN_QUOTED_INCLUDE_IN_FRAMEWORK_HEADER = YES;
				CLANG_WARN_RANGE_LOOP_ANALYSIS = YES;
				CLANG_WARN_STRICT_PROTOTYPES = YES;
				CLANG_WARN_SUSPICIOUS_MOVE = YES;
				CLANG_WARN_UNGUARDED_AVAILABILITY = YES_AGGRESSIVE;
				CLANG_WARN_UNREACHABLE_CODE = YES;
				CLANG_WARN__DUPLICATE_METHOD_MATCH = YES;
				COPY_PHASE_STRIP = NO;
				DEBUG_INFORMATION_FORMAT = dwarf;
				ENABLE_STRICT_OBJC_MSGSEND = YES;
				ENABLE_TESTABILITY = YES;
				GCC_C_LANGUAGE_STANDARD = gnu11;
				GCC_DYNAMIC_NO_PIC = NO;
				GCC_NO_COMMON_BLOCKS = YES;
				GCC_OPTIMIZATION_LEVEL = 0;
				GCC_PREPROCESSOR_DEFINITIONS = (
					"DEBUG=1",
					"$(inherited)",
				);
				GCC_WARN_64_TO_32_BIT_CONVERSION = YES;
				GCC_WARN_ABOUT_RETURN_TYPE = YES_ERROR;
				GCC_WARN_UNDECLARED_SELECTOR = YES;
				GCC_WARN_UNINITIALIZED_AUTOS = YES_AGGRESSIVE;
				GCC_WARN_UNUSED_FUNCTION = YES;
				GCC_WARN_UNUSED_VARIABLE = YES;
				IPHONEOS_DEPLOYMENT_TARGET = 16.2;
				MTL_ENABLE_DEBUG_INFO = INCLUDE_SOURCE;
				MTL_FAST_MATH = YES;
				ONLY_ACTIVE_ARCH = YES;
				SDKROOT = iphoneos;
				SWIFT_ACTIVE_COMPILATION_CONDITIONS = DEBUG;
				SWIFT_OPTIMIZATION_LEVEL = "-Onone";
			};
			name = Debug;
		};
		17DA2E1829BC579E009173B6 /* Release */ = {
			isa = XCBuildConfiguration;
			buildSettings = {
				ALWAYS_SEARCH_USER_PATHS = NO;
				CLANG_ANALYZER_NONNULL = YES;
				CLANG_ANALYZER_NUMBER_OBJECT_CONVERSION = YES_AGGRESSIVE;
				CLANG_CXX_LANGUAGE_STANDARD = "gnu++20";
				CLANG_ENABLE_MODULES = YES;
				CLANG_ENABLE_OBJC_ARC = YES;
				CLANG_ENABLE_OBJC_WEAK = YES;
				CLANG_WARN_BLOCK_CAPTURE_AUTORELEASING = YES;
				CLANG_WARN_BOOL_CONVERSION = YES;
				CLANG_WARN_COMMA = YES;
				CLANG_WARN_CONSTANT_CONVERSION = YES;
				CLANG_WARN_DEPRECATED_OBJC_IMPLEMENTATIONS = YES;
				CLANG_WARN_DIRECT_OBJC_ISA_USAGE = YES_ERROR;
				CLANG_WARN_DOCUMENTATION_COMMENTS = YES;
				CLANG_WARN_EMPTY_BODY = YES;
				CLANG_WARN_ENUM_CONVERSION = YES;
				CLANG_WARN_INFINITE_RECURSION = YES;
				CLANG_WARN_INT_CONVERSION = YES;
				CLANG_WARN_NON_LITERAL_NULL_CONVERSION = YES;
				CLANG_WARN_OBJC_IMPLICIT_RETAIN_SELF = YES;
				CLANG_WARN_OBJC_LITERAL_CONVERSION = YES;
				CLANG_WARN_OBJC_ROOT_CLASS = YES_ERROR;
				CLANG_WARN_QUOTED_INCLUDE_IN_FRAMEWORK_HEADER = YES;
				CLANG_WARN_RANGE_LOOP_ANALYSIS = YES;
				CLANG_WARN_STRICT_PROTOTYPES = YES;
				CLANG_WARN_SUSPICIOUS_MOVE = YES;
				CLANG_WARN_UNGUARDED_AVAILABILITY = YES_AGGRESSIVE;
				CLANG_WARN_UNREACHABLE_CODE = YES;
				CLANG_WARN__DUPLICATE_METHOD_MATCH = YES;
				COPY_PHASE_STRIP = NO;
				DEBUG_INFORMATION_FORMAT = "dwarf-with-dsym";
				ENABLE_NS_ASSERTIONS = NO;
				ENABLE_STRICT_OBJC_MSGSEND = YES;
				GCC_C_LANGUAGE_STANDARD = gnu11;
				GCC_NO_COMMON_BLOCKS = YES;
				GCC_WARN_64_TO_32_BIT_CONVERSION = YES;
				GCC_WARN_ABOUT_RETURN_TYPE = YES_ERROR;
				GCC_WARN_UNDECLARED_SELECTOR = YES;
				GCC_WARN_UNINITIALIZED_AUTOS = YES_AGGRESSIVE;
				GCC_WARN_UNUSED_FUNCTION = YES;
				GCC_WARN_UNUSED_VARIABLE = YES;
				IPHONEOS_DEPLOYMENT_TARGET = 16.2;
				MTL_ENABLE_DEBUG_INFO = NO;
				MTL_FAST_MATH = YES;
				SDKROOT = iphoneos;
				SWIFT_COMPILATION_MODE = wholemodule;
				SWIFT_OPTIMIZATION_LEVEL = "-O";
				VALIDATE_PRODUCT = YES;
			};
			name = Release;
		};
		17DA2E1A29BC579E009173B6 /* Debug */ = {
			isa = XCBuildConfiguration;
			buildSettings = {
				ASSETCATALOG_COMPILER_APPICON_NAME = AppIcon;
				ASSETCATALOG_COMPILER_GLOBAL_ACCENT_COLOR_NAME = AccentColor;
				CODE_SIGN_STYLE = Automatic;
				CURRENT_PROJECT_VERSION = 1;
				DEVELOPMENT_ASSET_PATHS = "\"ReflectiveUI/Assets/Preview Content\"";
				DEVELOPMENT_TEAM = 79P2QHXFF7;
				ENABLE_PREVIEWS = YES;
				GENERATE_INFOPLIST_FILE = YES;
				INFOPLIST_FILE = ReflectiveUI/Info.plist;
				INFOPLIST_KEY_NSCameraUsageDescription = "This app needs access to the camera to capture images for reflective text color.";
				INFOPLIST_KEY_NSMicrophoneUsageDescription = "This app needs access to the camera to capture images for reflective text color.";
				INFOPLIST_KEY_UIApplicationSupportsIndirectInputEvents = YES;
				INFOPLIST_KEY_UILaunchScreen_Generation = YES;
				INFOPLIST_KEY_UISupportedInterfaceOrientations_iPad = "UIInterfaceOrientationPortrait UIInterfaceOrientationPortraitUpsideDown UIInterfaceOrientationLandscapeLeft UIInterfaceOrientationLandscapeRight";
				INFOPLIST_KEY_UISupportedInterfaceOrientations_iPhone = "UIInterfaceOrientationPortrait UIInterfaceOrientationLandscapeLeft UIInterfaceOrientationLandscapeRight";
				LD_RUNPATH_SEARCH_PATHS = (
					"$(inherited)",
					"@executable_path/Frameworks",
				);
				MARKETING_VERSION = 1.0;
				PRODUCT_BUNDLE_IDENTIFIER = dev.suzanalamassi.ReflectiveUI;
				PRODUCT_NAME = "$(TARGET_NAME)";
				SWIFT_EMIT_LOC_STRINGS = YES;
				SWIFT_VERSION = 5.0;
				TARGETED_DEVICE_FAMILY = "1,2";
			};
			name = Debug;
		};
		17DA2E1B29BC579E009173B6 /* Release */ = {
			isa = XCBuildConfiguration;
			buildSettings = {
				ASSETCATALOG_COMPILER_APPICON_NAME = AppIcon;
				ASSETCATALOG_COMPILER_GLOBAL_ACCENT_COLOR_NAME = AccentColor;
				CODE_SIGN_STYLE = Automatic;
				CURRENT_PROJECT_VERSION = 1;
				DEVELOPMENT_ASSET_PATHS = "\"ReflectiveUI/Assets/Preview Content\"";
				DEVELOPMENT_TEAM = 79P2QHXFF7;
				ENABLE_PREVIEWS = YES;
				GENERATE_INFOPLIST_FILE = YES;
				INFOPLIST_FILE = ReflectiveUI/Info.plist;
				INFOPLIST_KEY_NSCameraUsageDescription = "This app needs access to the camera to capture images for reflective text color.";
				INFOPLIST_KEY_NSMicrophoneUsageDescription = "This app needs access to the camera to capture images for reflective text color.";
				INFOPLIST_KEY_UIApplicationSupportsIndirectInputEvents = YES;
				INFOPLIST_KEY_UILaunchScreen_Generation = YES;
				INFOPLIST_KEY_UISupportedInterfaceOrientations_iPad = "UIInterfaceOrientationPortrait UIInterfaceOrientationPortraitUpsideDown UIInterfaceOrientationLandscapeLeft UIInterfaceOrientationLandscapeRight";
				INFOPLIST_KEY_UISupportedInterfaceOrientations_iPhone = "UIInterfaceOrientationPortrait UIInterfaceOrientationLandscapeLeft UIInterfaceOrientationLandscapeRight";
				LD_RUNPATH_SEARCH_PATHS = (
					"$(inherited)",
					"@executable_path/Frameworks",
				);
				MARKETING_VERSION = 1.0;
				PRODUCT_BUNDLE_IDENTIFIER = dev.suzanalamassi.ReflectiveUI;
				PRODUCT_NAME = "$(TARGET_NAME)";
				SWIFT_EMIT_LOC_STRINGS = YES;
				SWIFT_VERSION = 5.0;
				TARGETED_DEVICE_FAMILY = "1,2";
			};
			name = Release;
		};
/* End XCBuildConfiguration section */

/* Begin XCConfigurationList section */
		17DA2E0629BC579D009173B6 /* Build configuration list for PBXProject "ReflectiveUI" */ = {
			isa = XCConfigurationList;
			buildConfigurations = (
				17DA2E1729BC579E009173B6 /* Debug */,
				17DA2E1829BC579E009173B6 /* Release */,
			);
			defaultConfigurationIsVisible = 0;
			defaultConfigurationName = Release;
		};
		17DA2E1929BC579E009173B6 /* Build configuration list for PBXNativeTarget "ReflectiveUI" */ = {
			isa = XCConfigurationList;
			buildConfigurations = (
				17DA2E1A29BC579E009173B6 /* Debug */,
				17DA2E1B29BC579E009173B6 /* Release */,
			);
			defaultConfigurationIsVisible = 0;
			defaultConfigurationName = Release;
		};
/* End XCConfigurationList section */

/* Begin XCRemoteSwiftPackageReference section */
		17DA2E1F29BC5F5A009173B6 /* XCRemoteSwiftPackageReference "SwiftUICam" */ = {
			isa = XCRemoteSwiftPackageReference;
			repositoryURL = "https://github.com/pierreveron/SwiftUICam";
			requirement = {
				branch = master;
				kind = branch;
			};
		};
/* End XCRemoteSwiftPackageReference section */

/* Begin XCSwiftPackageProductDependency section */
		17DA2E2029BC5F5A009173B6 /* SwiftUICam */ = {
			isa = XCSwiftPackageProductDependency;
			package = 17DA2E1F29BC5F5A009173B6 /* XCRemoteSwiftPackageReference "SwiftUICam" */;
			productName = SwiftUICam;
		};
/* End XCSwiftPackageProductDependency section */
	};
	rootObject = 17DA2E0329BC579D009173B6 /* Project object */;
}
